
Microsoft Visual Studio Solution File, Format Version 12.00
# Visual Studio Version 16
VisualStudioVersion = 16.0.30114.105
MinimumVisualStudioVersion = 10.0.40219.1
Project("{FAE04EC0-301F-11D3-BF4B-00C04F79EFBC}") = "API", "API\API.csproj", "{03481BB4-D655-4C27-97EE-8001CB0F9D4E}"
EndProject
Project("{FAE04EC0-301F-11D3-BF4B-00C04F79EFBC}") = "Application", "Application\Application.csproj", "{6E67575D-624D-46C2-843B-0DB247A56CF1}"
EndProject
Project("{FAE04EC0-301F-11D3-BF4B-00C04F79EFBC}") = "Domain", "Domain\Domain.csproj", "{C8B43442-128C-4083-91A0-1202A9CF862A}"
EndProject
Project("{FAE04EC0-301F-11D3-BF4B-00C04F79EFBC}") = "Persistence", "Persistence\Persistence.csproj", "{C8B5C381-0D96-48DE-8445-0A5DD582C727}"
EndProject
Global
	GlobalSection(SolutionConfigurationPlatforms) = preSolution
		Debug|Any CPU = Debug|Any CPU
		Release|Any CPU = Release|Any CPU
	EndGlobalSection
	GlobalSection(SolutionProperties) = preSolution
		HideSolutionNode = FALSE
	EndGlobalSection
	GlobalSection(ProjectConfigurationPlatforms) = postSolution
		{03481BB4-D655-4C27-97EE-8001CB0F9D4E}.Debug|Any CPU.ActiveCfg = Debug|Any CPU
		{03481BB4-D655-4C27-97EE-8001CB0F9D4E}.Debug|Any CPU.Build.0 = Debug|Any CPU
		{03481BB4-D655-4C27-97EE-8001CB0F9D4E}.Release|Any CPU.ActiveCfg = Release|Any CPU
		{03481BB4-D655-4C27-97EE-8001CB0F9D4E}.Release|Any CPU.Build.0 = Release|Any CPU
		{6E67575D-624D-46C2-843B-0DB247A56CF1}.Debug|Any CPU.ActiveCfg = Debug|Any CPU
		{6E67575D-624D-46C2-843B-0DB247A56CF1}.Debug|Any CPU.Build.0 = Debug|Any CPU
		{6E67575D-624D-46C2-843B-0DB247A56CF1}.Release|Any CPU.ActiveCfg = Release|Any CPU
		{6E67575D-624D-46C2-843B-0DB247A56CF1}.Release|Any CPU.Build.0 = Release|Any CPU
		{C8B43442-128C-4083-91A0-1202A9CF862A}.Debug|Any CPU.ActiveCfg = Debug|Any CPU
		{C8B43442-128C-4083-91A0-1202A9CF862A}.Debug|Any CPU.Build.0 = Debug|Any CPU
		{C8B43442-128C-4083-91A0-1202A9CF862A}.Release|Any CPU.ActiveCfg = Release|Any CPU
		{C8B43442-128C-4083-91A0-1202A9CF862A}.Release|Any CPU.Build.0 = Release|Any CPU
		{C8B5C381-0D96-48DE-8445-0A5DD582C727}.Debug|Any CPU.ActiveCfg = Debug|Any CPU
		{C8B5C381-0D96-48DE-8445-0A5DD582C727}.Debug|Any CPU.Build.0 = Debug|Any CPU
		{C8B5C381-0D96-48DE-8445-0A5DD582C727}.Release|Any CPU.ActiveCfg = Release|Any CPU
		{C8B5C381-0D96-48DE-8445-0A5DD582C727}.Release|Any CPU.Build.0 = Release|Any CPU
	EndGlobalSection
EndGlobal
